
Microsoft Visual Studio Solution File, Format Version 12.00
Project("{FAE04EC0-301F-11D3-BF4B-00C04F79EFBC}") = "AF.Domain", "src\AF.Domain\AF.Domain.csproj", "{DFF54953-B229-4644-8880-8D696D882AB9}"
EndProject
Global
	GlobalSection(SolutionConfigurationPlatforms) = preSolution
		Debug|Any CPU = Debug|Any CPU
		Release|Any CPU = Release|Any CPU
	EndGlobalSection
	GlobalSection(ProjectConfigurationPlatforms) = postSolution
		{DFF54953-B229-4644-8880-8D696D882AB9}.Debug|Any CPU.ActiveCfg = Debug|Any CPU
		{DFF54953-B229-4644-8880-8D696D882AB9}.Debug|Any CPU.Build.0 = Debug|Any CPU
		{DFF54953-B229-4644-8880-8D696D882AB9}.Release|Any CPU.ActiveCfg = Release|Any CPU
		{DFF54953-B229-4644-8880-8D696D882AB9}.Release|Any CPU.Build.0 = Release|Any CPU
	EndGlobalSection
EndGlobal
